{
    "_readme": [
        "This file locks the dependencies of your project to a known state",
        "Read more about it at https://getcomposer.org/doc/01-basic-usage.md#composer-lock-the-lock-file",
        "This file is @generated automatically"
    ],
    "hash": "873e6aee5143efb16f4fc5e816ba83a2",
    "content-hash": "376f7b829f6af9bef9ce26821e3fb5af",
    "packages": [
        {
            "name": "mbv-media/magic-admin-page",
            "version": "v1.3",
            "source": {
                "type": "git",
                "url": "https://github.com/MBV-Media/MagicAdminPage.git",
                "reference": "d223b42b73c7811312f57e55bc80ab94cdfbbaa0"
            },
            "dist": {
                "type": "zip",
                "url": "https://api.github.com/repos/MBV-Media/MagicAdminPage/zipball/d223b42b73c7811312f57e55bc80ab94cdfbbaa0",
                "reference": "d223b42b73c7811312f57e55bc80ab94cdfbbaa0",
                "shasum": ""
            },
            "require": {
                "php": ">=5.3.0"
            },
            "type": "library",
            "autoload": {
                "psr-4": {
                    "MagicAdminPage\\": "src/MagicAdminPage"
                }
            },
            "notification-url": "https://packagist.org/downloads/",
            "license": [
                "MIT"
            ],
            "authors": [
                {
                    "name": "MBV-Media",
                    "email": "info@mbv-media.com"
                }
            ],
            "description": "Helper class to generate WordPress admin pages.",
            "homepage": "https://www.mbv-media.com",
            "keywords": [
                "wordpress",
                "wp-admin"
            ],
            "time": "2017-04-10 11:08:38"
        }
    ],
    "packages-dev": [],
    "aliases": [],
    "minimum-stability": "stable",
    "stability-flags": [],
    "prefer-stable": false,
    "prefer-lowest": false,
    "platform": [],
    "platform-dev": []
}
